
Microsoft Visual Studio Solution File, Format Version 12.00
# Visual Studio Version 16
VisualStudioVersion = 16.0.29318.209
MinimumVisualStudioVersion = 10.0.40219.1
Project("{2150E333-8FDC-42A3-9474-1A3956D46DE8}") = "Api", "Api", "{988F982B-8062-4BD9-9701-74E5148565BB}"
EndProject
Project("{2150E333-8FDC-42A3-9474-1A3956D46DE8}") = "Application", "Application", "{79EDC610-CF98-40AF-96DF-E83D79FA21D7}"
EndProject
Project("{2150E333-8FDC-42A3-9474-1A3956D46DE8}") = "Domain", "Domain", "{D5A3300B-742C-47DC-A0F9-DA9AB96756DA}"
EndProject
Project("{2150E333-8FDC-42A3-9474-1A3956D46DE8}") = "Infra.Bus", "Infra.Bus", "{6F53A127-AE18-4E1C-AF31-F8BFF26A0A81}"
EndProject
Project("{2150E333-8FDC-42A3-9474-1A3956D46DE8}") = "Infra.Data", "Infra.Data", "{01E92466-D137-4CB2-BC40-ABF29E778B1E}"
EndProject
Project("{2150E333-8FDC-42A3-9474-1A3956D46DE8}") = "Infra.IoC", "Infra.IoC", "{9597C0C0-968E-4587-82B8-1659578EC6F7}"
EndProject
Project("{2150E333-8FDC-42A3-9474-1A3956D46DE8}") = "Presentation", "Presentation", "{31ADFDA9-3ED5-4276-80D4-3B0376DAD28A}"
EndProject
Project("{FAE04EC0-301F-11D3-BF4B-00C04F79EFBC}") = "Product", "Tagge\Product.csproj", "{FD3677E4-9421-4211-9303-F2B2511A5689}"
EndProject
Project("{FAE04EC0-301F-11D3-BF4B-00C04F79EFBC}") = "CleanArchApi.Domain", "CleanArchApi.Domain\CleanArchApi.Domain.csproj", "{DE632459-4146-42C7-89CC-AE1A4A693497}"
EndProject
Project("{FAE04EC0-301F-11D3-BF4B-00C04F79EFBC}") = "CleanArchApi.Infra.Data", "CleanArchApi.Infra.Data\CleanArchApi.Infra.Data.csproj", "{AFA52A15-9D96-4A3C-9AC3-C5CF3B806782}"
EndProject
Project("{FAE04EC0-301F-11D3-BF4B-00C04F79EFBC}") = "Sheev.Common", "Sheev.Common\Sheev.Common.csproj", "{13D1AB98-2DD5-4510-8809-3534B870E395}"
EndProject
Project("{FAE04EC0-301F-11D3-BF4B-00C04F79EFBC}") = "LT319.Common", "LT319.Common\LT319.Common.csproj", "{45B37FD8-08C0-4DFB-996B-ABEC470FAA85}"
EndProject
Project("{FAE04EC0-301F-11D3-BF4B-00C04F79EFBC}") = "K2SO.Auth", "K2SO.Auth\K2SO.Auth.csproj", "{2A3BF61D-9719-4009-9FD0-C08CE4F8C5B7}"
EndProject
Project("{FAE04EC0-301F-11D3-BF4B-00C04F79EFBC}") = "IG2000.Data", "IG2000.Data\IG2000.Data.csproj", "{0E2CADA5-33CD-4C7D-B76A-030F4088AC97}"
EndProject
Project("{FAE04EC0-301F-11D3-BF4B-00C04F79EFBC}") = "K2SO.Data", "K2SO.Data\K2SO.Data.csproj", "{51B67049-13B7-4B49-8259-8E55B4CF94AD}"
EndProject
Project("{FAE04EC0-301F-11D3-BF4B-00C04F79EFBC}") = "Tagge.Common", "Tagge.Common\Tagge.Common.csproj", "{5516C869-F6B9-4CB0-AA9B-BA0DE290CA1F}"
EndProject
Global
	GlobalSection(SolutionConfigurationPlatforms) = preSolution
		Debug|Any CPU = Debug|Any CPU
		Release|Any CPU = Release|Any CPU
	EndGlobalSection
	GlobalSection(ProjectConfigurationPlatforms) = postSolution
		{FD3677E4-9421-4211-9303-F2B2511A5689}.Debug|Any CPU.ActiveCfg = Debug|Any CPU
		{FD3677E4-9421-4211-9303-F2B2511A5689}.Debug|Any CPU.Build.0 = Debug|Any CPU
		{FD3677E4-9421-4211-9303-F2B2511A5689}.Release|Any CPU.ActiveCfg = Release|Any CPU
		{FD3677E4-9421-4211-9303-F2B2511A5689}.Release|Any CPU.Build.0 = Release|Any CPU
		{DE632459-4146-42C7-89CC-AE1A4A693497}.Debug|Any CPU.ActiveCfg = Debug|Any CPU
		{DE632459-4146-42C7-89CC-AE1A4A693497}.Debug|Any CPU.Build.0 = Debug|Any CPU
		{DE632459-4146-42C7-89CC-AE1A4A693497}.Release|Any CPU.ActiveCfg = Release|Any CPU
		{DE632459-4146-42C7-89CC-AE1A4A693497}.Release|Any CPU.Build.0 = Release|Any CPU
		{AFA52A15-9D96-4A3C-9AC3-C5CF3B806782}.Debug|Any CPU.ActiveCfg = Debug|Any CPU
		{AFA52A15-9D96-4A3C-9AC3-C5CF3B806782}.Debug|Any CPU.Build.0 = Debug|Any CPU
		{AFA52A15-9D96-4A3C-9AC3-C5CF3B806782}.Release|Any CPU.ActiveCfg = Release|Any CPU
		{AFA52A15-9D96-4A3C-9AC3-C5CF3B806782}.Release|Any CPU.Build.0 = Release|Any CPU
		{13D1AB98-2DD5-4510-8809-3534B870E395}.Debug|Any CPU.ActiveCfg = Debug|Any CPU
		{13D1AB98-2DD5-4510-8809-3534B870E395}.Debug|Any CPU.Build.0 = Debug|Any CPU
		{13D1AB98-2DD5-4510-8809-3534B870E395}.Release|Any CPU.ActiveCfg = Release|Any CPU
		{13D1AB98-2DD5-4510-8809-3534B870E395}.Release|Any CPU.Build.0 = Release|Any CPU
		{45B37FD8-08C0-4DFB-996B-ABEC470FAA85}.Debug|Any CPU.ActiveCfg = Debug|Any CPU
		{45B37FD8-08C0-4DFB-996B-ABEC470FAA85}.Debug|Any CPU.Build.0 = Debug|Any CPU
		{45B37FD8-08C0-4DFB-996B-ABEC470FAA85}.Release|Any CPU.ActiveCfg = Release|Any CPU
		{45B37FD8-08C0-4DFB-996B-ABEC470FAA85}.Release|Any CPU.Build.0 = Release|Any CPU
		{2A3BF61D-9719-4009-9FD0-C08CE4F8C5B7}.Debug|Any CPU.ActiveCfg = Debug|Any CPU
		{2A3BF61D-9719-4009-9FD0-C08CE4F8C5B7}.Debug|Any CPU.Build.0 = Debug|Any CPU
		{2A3BF61D-9719-4009-9FD0-C08CE4F8C5B7}.Release|Any CPU.ActiveCfg = Release|Any CPU
		{2A3BF61D-9719-4009-9FD0-C08CE4F8C5B7}.Release|Any CPU.Build.0 = Release|Any CPU
		{0E2CADA5-33CD-4C7D-B76A-030F4088AC97}.Debug|Any CPU.ActiveCfg = Debug|Any CPU
		{0E2CADA5-33CD-4C7D-B76A-030F4088AC97}.Debug|Any CPU.Build.0 = Debug|Any CPU
		{0E2CADA5-33CD-4C7D-B76A-030F4088AC97}.Release|Any CPU.ActiveCfg = Release|Any CPU
		{0E2CADA5-33CD-4C7D-B76A-030F4088AC97}.Release|Any CPU.Build.0 = Release|Any CPU
		{51B67049-13B7-4B49-8259-8E55B4CF94AD}.Debug|Any CPU.ActiveCfg = Debug|Any CPU
		{51B67049-13B7-4B49-8259-8E55B4CF94AD}.Debug|Any CPU.Build.0 = Debug|Any CPU
		{51B67049-13B7-4B49-8259-8E55B4CF94AD}.Release|Any CPU.ActiveCfg = Release|Any CPU
		{51B67049-13B7-4B49-8259-8E55B4CF94AD}.Release|Any CPU.Build.0 = Release|Any CPU
		{5516C869-F6B9-4CB0-AA9B-BA0DE290CA1F}.Debug|Any CPU.ActiveCfg = Debug|Any CPU
		{5516C869-F6B9-4CB0-AA9B-BA0DE290CA1F}.Debug|Any CPU.Build.0 = Debug|Any CPU
		{5516C869-F6B9-4CB0-AA9B-BA0DE290CA1F}.Release|Any CPU.ActiveCfg = Release|Any CPU
		{5516C869-F6B9-4CB0-AA9B-BA0DE290CA1F}.Release|Any CPU.Build.0 = Release|Any CPU
	EndGlobalSection
	GlobalSection(SolutionProperties) = preSolution
		HideSolutionNode = FALSE
	EndGlobalSection
	GlobalSection(NestedProjects) = preSolution
		{FD3677E4-9421-4211-9303-F2B2511A5689} = {988F982B-8062-4BD9-9701-74E5148565BB}
		{DE632459-4146-42C7-89CC-AE1A4A693497} = {D5A3300B-742C-47DC-A0F9-DA9AB96756DA}
		{AFA52A15-9D96-4A3C-9AC3-C5CF3B806782} = {01E92466-D137-4CB2-BC40-ABF29E778B1E}
		{13D1AB98-2DD5-4510-8809-3534B870E395} = {79EDC610-CF98-40AF-96DF-E83D79FA21D7}
		{45B37FD8-08C0-4DFB-996B-ABEC470FAA85} = {79EDC610-CF98-40AF-96DF-E83D79FA21D7}
		{2A3BF61D-9719-4009-9FD0-C08CE4F8C5B7} = {79EDC610-CF98-40AF-96DF-E83D79FA21D7}
		{0E2CADA5-33CD-4C7D-B76A-030F4088AC97} = {79EDC610-CF98-40AF-96DF-E83D79FA21D7}
		{51B67049-13B7-4B49-8259-8E55B4CF94AD} = {79EDC610-CF98-40AF-96DF-E83D79FA21D7}
		{5516C869-F6B9-4CB0-AA9B-BA0DE290CA1F} = {79EDC610-CF98-40AF-96DF-E83D79FA21D7}
	EndGlobalSection
	GlobalSection(ExtensibilityGlobals) = postSolution
		SolutionGuid = {3CD33837-F05B-4FF2-A4D0-2006C7EE00AA}
	EndGlobalSection
EndGlobal
